# This file is automatically @generated by Cargo.
# It is not intended for manual editing.
[[package]]
name = "ctchi"
version = "0.1.0"
source = "registry+https://github.com/rust-lang/crates.io-index"

[[package]]
name = "glotitude_hq"
version = "0.1.0"
dependencies = [
 "ctchi 0.1.0 (registry+https://github.com/rust-lang/crates.io-index)",
]

[metadata]
"checksum ctchi 0.1.0 (registry+https://github.com/rust-lang/crates.io-index)" = "1a6d86c40579d6c5b6f2ec9c616d4b48085069262466c377f94f7a9ba8691cdd"
