# This file is automatically @generated by Cargo.
# It is not intended for manual editing.
[[package]]
name = "ctchi"
version = "0.5.0"
source = "registry+https://github.com/rust-lang/crates.io-index"

[[package]]
name = "glotitude_hq"
version = "0.1.0"
dependencies = [
 "ctchi 0.5.0 (registry+https://github.com/rust-lang/crates.io-index)",
]

[metadata]
"checksum ctchi 0.5.0 (registry+https://github.com/rust-lang/crates.io-index)" = "1b25ba81823e627e25a3f550d6f3a46156be4229851aa633014ddd2278c938be"
